// !$*UTF8*$!
{
	archiveVersion = 1;
	classes = {
	};
	objectVersion = 77;
	objects = {

/* Begin PBXBuildFile section */
		74656D705F616468616E3033 /* adhan.mp3 in Resources */ = {isa = PBXBuildFile; fileRef = 74656D705F616468616E3031 /* adhan.mp3 */; };
		74656D705F6971616D613034 /* iqama.mp3 in Resources */ = {isa = PBXBuildFile; fileRef = 74656D705F6971616D613032 /* iqama.mp3 */; };
		231115C72EE4A87000EDE5A6 /* SwiftSoup in Frameworks */ = {isa = PBXBuildFile; productRef = 231115C62EE4A87000EDE5A6 /* SwiftSoup */; };
		231115CA2EE4A9B400EDE5A6 /* Adhan in Frameworks */ = {isa = PBXBuildFile; productRef = 231115C92EE4A9B400EDE5A6 /* Adhan */; };
		231116E72EE4B6BA00EDE5A6 /* WidgetKit.framework in Frameworks */ = {isa = PBXBuildFile; fileRef = 231115AA2EE4A7F800EDE5A6 /* WidgetKit.framework */; };
		231116E82EE4B6BA00EDE5A6 /* SwiftUI.framework in Frameworks */ = {isa = PBXBuildFile; fileRef = 231115AC2EE4A7F800EDE5A6 /* SwiftUI.framework */; };
		231116FA2EE4B6BB00EDE5A6 /* PrayerTimeWidgetExtension.appex in Embed Foundation Extensions */ = {isa = PBXBuildFile; fileRef = 231116E62EE4B6BA00EDE5A6 /* PrayerTimeWidgetExtension.appex */; settings = {ATTRIBUTES = (RemoveHeadersOnCopy, ); }; };
		238604B02EFA3C0000CB7C36 /* Adhan in Frameworks */ = {isa = PBXBuildFile; productRef = 238604AF2EFA3C0000CB7C36 /* Adhan */; };
/* End PBXBuildFile section */

/* Begin PBXContainerItemProxy section */
		231116F72EE4B6BB00EDE5A6 /* PBXContainerItemProxy */ = {
			isa = PBXContainerItemProxy;
			containerPortal = 2311156B2EE4A74D00EDE5A6 /* Project object */;
			proxyType = 1;
			remoteGlobalIDString = 231116E52EE4B6BA00EDE5A6;
			remoteInfo = PrayerTimeWidgetExtension;
		};
/* End PBXContainerItemProxy section */

/* Begin PBXCopyFilesBuildPhase section */
		231116F92EE4B6BB00EDE5A6 /* Embed Foundation Extensions */ = {
			isa = PBXCopyFilesBuildPhase;
			buildActionMask = 2147483647;
			dstPath = "";
			dstSubfolderSpec = 13;
			files = (
				231116FA2EE4B6BB00EDE5A6 /* PrayerTimeWidgetExtension.appex in Embed Foundation Extensions */,
			);
			name = "Embed Foundation Extensions";
			runOnlyForDeploymentPostprocessing = 0;
		};
/* End PBXCopyFilesBuildPhase section */

/* Begin PBXFileReference section */
		74656D705F616468616E3031 /* adhan.mp3 */ = {isa = PBXFileReference; lastKnownFileType = audio.mp3; name = adhan.mp3; path = Moatheny/Resources/adhan.mp3; sourceTree = "<group>"; };
		74656D705F6971616D613032 /* iqama.mp3 */ = {isa = PBXFileReference; lastKnownFileType = audio.mp3; name = iqama.mp3; path = Moatheny/Resources/iqama.mp3; sourceTree = "<group>"; };
		231115732EE4A74D00EDE5A6 /* Moatheny.app */ = {isa = PBXFileReference; explicitFileType = wrapper.application; includeInIndex = 0; path = Moatheny.app; sourceTree = BUILT_PRODUCTS_DIR; };
		231115AA2EE4A7F800EDE5A6 /* WidgetKit.framework */ = {isa = PBXFileReference; lastKnownFileType = wrapper.framework; name = WidgetKit.framework; path = System/Library/Frameworks/WidgetKit.framework; sourceTree = SDKROOT; };
		231115AC2EE4A7F800EDE5A6 /* SwiftUI.framework */ = {isa = PBXFileReference; lastKnownFileType = wrapper.framework; name = SwiftUI.framework; path = System/Library/Frameworks/SwiftUI.framework; sourceTree = SDKROOT; };
		231116E62EE4B6BA00EDE5A6 /* PrayerTimeWidgetExtension.appex */ = {isa = PBXFileReference; explicitFileType = "wrapper.app-extension"; includeInIndex = 0; path = PrayerTimeWidgetExtension.appex; sourceTree = BUILT_PRODUCTS_DIR; };
		238607942EFABAE400CB7C36 /* PrayerTimeWidgetExtension.entitlements */ = {isa = PBXFileReference; lastKnownFileType = text.plist.entitlements; path = PrayerTimeWidgetExtension.entitlements; sourceTree = "<group>"; };
/* End PBXFileReference section */

/* Begin PBXFileSystemSynchronizedBuildFileExceptionSet section */
		231116FB2EE4B6BB00EDE5A6 /* Exceptions for "PrayerTimeWidget" folder in "PrayerTimeWidgetExtension" target */ = {
			isa = PBXFileSystemSynchronizedBuildFileExceptionSet;
			membershipExceptions = (
				Info.plist,
			);
			target = 231116E52EE4B6BA00EDE5A6 /* PrayerTimeWidgetExtension */;
		};
		238604A62EFA2B7C00CB7C36 /* Exceptions for "Moatheny" folder in "Moatheny" target */ = {
			isa = PBXFileSystemSynchronizedBuildFileExceptionSet;
			membershipExceptions = (
				Info.plist,
			);
			target = 231115722EE4A74D00EDE5A6 /* Moatheny */;
		};
/* End PBXFileSystemSynchronizedBuildFileExceptionSet section */

/* Begin PBXFileSystemSynchronizedRootGroup section */
		231115752EE4A74D00EDE5A6 /* Moatheny */ = {
			isa = PBXFileSystemSynchronizedRootGroup;
			exceptions = (
				238604A62EFA2B7C00CB7C36 /* Exceptions for "Moatheny" folder in "Moatheny" target */,
			);
			path = Moatheny;
			sourceTree = "<group>";
		};
		231116E92EE4B6BA00EDE5A6 /* PrayerTimeWidget */ = {
			isa = PBXFileSystemSynchronizedRootGroup;
			exceptions = (
				231116FB2EE4B6BB00EDE5A6 /* Exceptions for "PrayerTimeWidget" folder in "PrayerTimeWidgetExtension" target */,
			);
			path = PrayerTimeWidget;
			sourceTree = "<group>";
		};
/* End PBXFileSystemSynchronizedRootGroup section */

/* Begin PBXFrameworksBuildPhase section */
		231115702EE4A74D00EDE5A6 /* Frameworks */ = {
			isa = PBXFrameworksBuildPhase;
			buildActionMask = 2147483647;
			files = (
				231115C72EE4A87000EDE5A6 /* SwiftSoup in Frameworks */,
				231115CA2EE4A9B400EDE5A6 /* Adhan in Frameworks */,
			);
			runOnlyForDeploymentPostprocessing = 0;
		};
		231116E32EE4B6BA00EDE5A6 /* Frameworks */ = {
			isa = PBXFrameworksBuildPhase;
			buildActionMask = 2147483647;
			files = (
				231116E82EE4B6BA00EDE5A6 /* SwiftUI.framework in Frameworks */,
				231116E72EE4B6BA00EDE5A6 /* WidgetKit.framework in Frameworks */,
				238604B02EFA3C0000CB7C36 /* Adhan in Frameworks */,
			);
			runOnlyForDeploymentPostprocessing = 0;
		};
/* End PBXFrameworksBuildPhase section */

/* Begin PBXGroup section */
		2311156A2EE4A74D00EDE5A6 = {
			isa = PBXGroup;
			children = (
				74656D705F616468616E3031 /* adhan.mp3 */,
				74656D705F6971616D613032 /* iqama.mp3 */,
				238607942EFABAE400CB7C36 /* PrayerTimeWidgetExtension.entitlements */,
				231115752EE4A74D00EDE5A6 /* Moatheny */,
				231116E92EE4B6BA00EDE5A6 /* PrayerTimeWidget */,
				231115A92EE4A7F800EDE5A6 /* Frameworks */,
				231115742EE4A74D00EDE5A6 /* Products */,
			);
			sourceTree = "<group>";
		};
		231115742EE4A74D00EDE5A6 /* Products */ = {
			isa = PBXGroup;
			children = (
				231115732EE4A74D00EDE5A6 /* Moatheny.app */,
				231116E62EE4B6BA00EDE5A6 /* PrayerTimeWidgetExtension.appex */,
			);
			name = Products;
			sourceTree = "<group>";
		};
		231115A92EE4A7F800EDE5A6 /* Frameworks */ = {
			isa = PBXGroup;
			children = (
				231115AA2EE4A7F800EDE5A6 /* WidgetKit.framework */,
				231115AC2EE4A7F800EDE5A6 /* SwiftUI.framework */,
			);
			name = Frameworks;
			sourceTree = "<group>";
		};
/* End PBXGroup section */

/* Begin PBXNativeTarget section */
		231115722EE4A74D00EDE5A6 /* Moatheny */ = {
			isa = PBXNativeTarget;
			buildConfigurationList = 2311157E2EE4A74E00EDE5A6 /* Build configuration list for PBXNativeTarget "Moatheny" */;
			buildPhases = (
				2311156F2EE4A74D00EDE5A6 /* Sources */,
				231115702EE4A74D00EDE5A6 /* Frameworks */,
				231115712EE4A74D00EDE5A6 /* Resources */,
				231116F92EE4B6BB00EDE5A6 /* Embed Foundation Extensions */,
			);
			buildRules = (
			);
			dependencies = (
				231116F82EE4B6BB00EDE5A6 /* PBXTargetDependency */,
			);
			fileSystemSynchronizedGroups = (
				231115752EE4A74D00EDE5A6 /* Moatheny */,
			);
			name = Moatheny;
			packageProductDependencies = (
				231115C62EE4A87000EDE5A6 /* SwiftSoup */,
				231115C92EE4A9B400EDE5A6 /* Adhan */,
			);
			productName = Moatheny;
			productReference = 231115732EE4A74D00EDE5A6 /* Moatheny.app */;
			productType = "com.apple.product-type.application";
		};
		231116E52EE4B6BA00EDE5A6 /* PrayerTimeWidgetExtension */ = {
			isa = PBXNativeTarget;
			buildConfigurationList = 231116FC2EE4B6BB00EDE5A6 /* Build configuration list for PBXNativeTarget "PrayerTimeWidgetExtension" */;
			buildPhases = (
				231116E22EE4B6BA00EDE5A6 /* Sources */,
				231116E32EE4B6BA00EDE5A6 /* Frameworks */,
				231116E42EE4B6BA00EDE5A6 /* Resources */,
			);
			buildRules = (
			);
			dependencies = (
			);
			fileSystemSynchronizedGroups = (
				231116E92EE4B6BA00EDE5A6 /* PrayerTimeWidget */,
			);
			name = PrayerTimeWidgetExtension;
			packageProductDependencies = (
				238604AF2EFA3C0000CB7C36 /* Adhan */,
			);
			productName = PrayerTimeWidgetExtension;
			productReference = 231116E62EE4B6BA00EDE5A6 /* PrayerTimeWidgetExtension.appex */;
			productType = "com.apple.product-type.app-extension";
		};
/* End PBXNativeTarget section */

/* Begin PBXProject section */
		2311156B2EE4A74D00EDE5A6 /* Project object */ = {
			isa = PBXProject;
			attributes = {
				BuildIndependentTargetsInParallel = 1;
				LastSwiftUpdateCheck = 2610;
				LastUpgradeCheck = 2620;
				TargetAttributes = {
					231115722EE4A74D00EDE5A6 = {
						CreatedOnToolsVersion = 26.1.1;
					};
					231116E52EE4B6BA00EDE5A6 = {
						CreatedOnToolsVersion = 26.1.1;
					};
				};
			};
			buildConfigurationList = 2311156E2EE4A74D00EDE5A6 /* Build configuration list for PBXProject "Moatheny" */;
			developmentRegion = en;
			hasScannedForEncodings = 0;
			knownRegions = (
				en,
				Base,
			);
			mainGroup = 2311156A2EE4A74D00EDE5A6;
			minimizedProjectReferenceProxies = 1;
			packageReferences = (
				231115C42EE4A85400EDE5A6 /* XCRemoteSwiftPackageReference "adhan-swift" */,
				231115C52EE4A87000EDE5A6 /* XCRemoteSwiftPackageReference "SwiftSoup" */,
				231115C82EE4A8D700EDE5A6 /* XCRemoteSwiftPackageReference "Kingfisher" */,
			);
			preferredProjectObjectVersion = 77;
			productRefGroup = 231115742EE4A74D00EDE5A6 /* Products */;
			projectDirPath = "";
			projectRoot = "";
			targets = (
				231115722EE4A74D00EDE5A6 /* Moatheny */,
				231116E52EE4B6BA00EDE5A6 /* PrayerTimeWidgetExtension */,
			);
		};
/* End PBXProject section */

/* Begin PBXResourcesBuildPhase section */
		231115712EE4A74D00EDE5A6 /* Resources */ = {
			isa = PBXResourcesBuildPhase;
			buildActionMask = 2147483647;
			files = (
				74656D705F616468616E3033 /* adhan.mp3 in Resources */,
				74656D705F6971616D613034 /* iqama.mp3 in Resources */,
			);
			runOnlyForDeploymentPostprocessing = 0;
		};
		231116E42EE4B6BA00EDE5A6 /* Resources */ = {
			isa = PBXResourcesBuildPhase;
			buildActionMask = 2147483647;
			files = (
			);
			runOnlyForDeploymentPostprocessing = 0;
		};
/* End PBXResourcesBuildPhase section */

/* Begin PBXSourcesBuildPhase section */
		2311156F2EE4A74D00EDE5A6 /* Sources */ = {
			isa = PBXSourcesBuildPhase;
			buildActionMask = 2147483647;
			files = (
			);
			runOnlyForDeploymentPostprocessing = 0;
		};
		231116E22EE4B6BA00EDE5A6 /* Sources */ = {
			isa = PBXSourcesBuildPhase;
			buildActionMask = 2147483647;
			files = (
			);
			runOnlyForDeploymentPostprocessing = 0;
		};
/* End PBXSourcesBuildPhase section */

/* Begin PBXTargetDependency section */
		231116F82EE4B6BB00EDE5A6 /* PBXTargetDependency */ = {
			isa = PBXTargetDependency;
			target = 231116E52EE4B6BA00EDE5A6 /* PrayerTimeWidgetExtension */;
			targetProxy = 231116F72EE4B6BB00EDE5A6 /* PBXContainerItemProxy */;
		};
/* End PBXTargetDependency section */

/* Begin XCBuildConfiguration section */
		2311157C2EE4A74E00EDE5A6 /* Debug */ = {
			isa = XCBuildConfiguration;
			buildSettings = {
				ALWAYS_SEARCH_USER_PATHS = NO;
				ASSETCATALOG_COMPILER_GENERATE_SWIFT_ASSET_SYMBOL_EXTENSIONS = YES;
				CLANG_ANALYZER_NONNULL = YES;
				CLANG_ANALYZER_NUMBER_OBJECT_CONVERSION = YES_AGGRESSIVE;
				CLANG_CXX_LANGUAGE_STANDARD = "gnu++20";
				CLANG_ENABLE_MODULES = YES;
				CLANG_ENABLE_OBJC_ARC = YES;
				CLANG_ENABLE_OBJC_WEAK = YES;
				CLANG_WARN_BLOCK_CAPTURE_AUTORELEASING = YES;
				CLANG_WARN_BOOL_CONVERSION = YES;
				CLANG_WARN_COMMA = YES;
				CLANG_WARN_CONSTANT_CONVERSION = YES;
				CLANG_WARN_DEPRECATED_OBJC_IMPLEMENTATIONS = YES;
				CLANG_WARN_DIRECT_OBJC_ISA_USAGE = YES_ERROR;
				CLANG_WARN_DOCUMENTATION_COMMENTS = YES;
				CLANG_WARN_EMPTY_BODY = YES;
				CLANG_WARN_ENUM_CONVERSION = YES;
				CLANG_WARN_INFINITE_RECURSION = YES;
				CLANG_WARN_INT_CONVERSION = YES;
				CLANG_WARN_NON_LITERAL_NULL_CONVERSION = YES;
				CLANG_WARN_OBJC_IMPLICIT_RETAIN_SELF = YES;
				CLANG_WARN_OBJC_LITERAL_CONVERSION = YES;
				CLANG_WARN_OBJC_ROOT_CLASS = YES_ERROR;
				CLANG_WARN_QUOTED_INCLUDE_IN_FRAMEWORK_HEADER = YES;
				CLANG_WARN_RANGE_LOOP_ANALYSIS = YES;
				CLANG_WARN_STRICT_PROTOTYPES = YES;
				CLANG_WARN_SUSPICIOUS_MOVE = YES;
				CLANG_WARN_UNGUARDED_AVAILABILITY = YES_AGGRESSIVE;
				CLANG_WARN_UNREACHABLE_CODE = YES;
				CLANG_WARN__DUPLICATE_METHOD_MATCH = YES;
				COPY_PHASE_STRIP = NO;
				DEBUG_INFORMATION_FORMAT = dwarf;
				DEVELOPMENT_TEAM = RF54GDCUBT;
				ENABLE_STRICT_OBJC_MSGSEND = YES;
				ENABLE_TESTABILITY = YES;
				ENABLE_USER_SCRIPT_SANDBOXING = YES;
				GCC_C_LANGUAGE_STANDARD = gnu17;
				GCC_DYNAMIC_NO_PIC = NO;
				GCC_NO_COMMON_BLOCKS = YES;
				GCC_OPTIMIZATION_LEVEL = 0;
				GCC_PREPROCESSOR_DEFINITIONS = (
					"DEBUG=1",
					"$(inherited)",
				);
				GCC_WARN_64_TO_32_BIT_CONVERSION = YES;
				GCC_WARN_ABOUT_RETURN_TYPE = YES_ERROR;
				GCC_WARN_UNDECLARED_SELECTOR = YES;
				GCC_WARN_UNINITIALIZED_AUTOS = YES_AGGRESSIVE;
				GCC_WARN_UNUSED_FUNCTION = YES;
				GCC_WARN_UNUSED_VARIABLE = YES;
				IPHONEOS_DEPLOYMENT_TARGET = 26.1;
				LOCALIZATION_PREFERS_STRING_CATALOGS = YES;
				MTL_ENABLE_DEBUG_INFO = INCLUDE_SOURCE;
				MTL_FAST_MATH = YES;
				ONLY_ACTIVE_ARCH = YES;
				SDKROOT = iphoneos;
				STRING_CATALOG_GENERATE_SYMBOLS = YES;
				SWIFT_ACTIVE_COMPILATION_CONDITIONS = "DEBUG $(inherited)";
				SWIFT_OPTIMIZATION_LEVEL = "-Onone";
			};
			name = Debug;
		};
		2311157D2EE4A74E00EDE5A6 /* Release */ = {
			isa = XCBuildConfiguration;
			buildSettings = {
				ALWAYS_SEARCH_USER_PATHS = NO;
				ASSETCATALOG_COMPILER_GENERATE_SWIFT_ASSET_SYMBOL_EXTENSIONS = YES;
				CLANG_ANALYZER_NONNULL = YES;
				CLANG_ANALYZER_NUMBER_OBJECT_CONVERSION = YES_AGGRESSIVE;
				CLANG_CXX_LANGUAGE_STANDARD = "gnu++20";
				CLANG_ENABLE_MODULES = YES;
				CLANG_ENABLE_OBJC_ARC = YES;
				CLANG_ENABLE_OBJC_WEAK = YES;
				CLANG_WARN_BLOCK_CAPTURE_AUTORELEASING = YES;
				CLANG_WARN_BOOL_CONVERSION = YES;
				CLANG_WARN_COMMA = YES;
				CLANG_WARN_CONSTANT_CONVERSION = YES;
				CLANG_WARN_DEPRECATED_OBJC_IMPLEMENTATIONS = YES;
				CLANG_WARN_DIRECT_OBJC_ISA_USAGE = YES_ERROR;
				CLANG_WARN_DOCUMENTATION_COMMENTS = YES;
				CLANG_WARN_EMPTY_BODY = YES;
				CLANG_WARN_ENUM_CONVERSION = YES;
				CLANG_WARN_INFINITE_RECURSION = YES;
				CLANG_WARN_INT_CONVERSION = YES;
				CLANG_WARN_NON_LITERAL_NULL_CONVERSION = YES;
				CLANG_WARN_OBJC_IMPLICIT_RETAIN_SELF = YES;
				CLANG_WARN_OBJC_LITERAL_CONVERSION = YES;
				CLANG_WARN_OBJC_ROOT_CLASS = YES_ERROR;
				CLANG_WARN_QUOTED_INCLUDE_IN_FRAMEWORK_HEADER = YES;
				CLANG_WARN_RANGE_LOOP_ANALYSIS = YES;
				CLANG_WARN_STRICT_PROTOTYPES = YES;
				CLANG_WARN_SUSPICIOUS_MOVE = YES;
				CLANG_WARN_UNGUARDED_AVAILABILITY = YES_AGGRESSIVE;
				CLANG_WARN_UNREACHABLE_CODE = YES;
				CLANG_WARN__DUPLICATE_METHOD_MATCH = YES;
				COPY_PHASE_STRIP = NO;
				DEBUG_INFORMATION_FORMAT = "dwarf-with-dsym";
				DEVELOPMENT_TEAM = RF54GDCUBT;
				ENABLE_NS_ASSERTIONS = NO;
				ENABLE_STRICT_OBJC_MSGSEND = YES;
				ENABLE_USER_SCRIPT_SANDBOXING = YES;
				GCC_C_LANGUAGE_STANDARD = gnu17;
				GCC_NO_COMMON_BLOCKS = YES;
				GCC_WARN_64_TO_32_BIT_CONVERSION = YES;
				GCC_WARN_ABOUT_RETURN_TYPE = YES_ERROR;
				GCC_WARN_UNDECLARED_SELECTOR = YES;
				GCC_WARN_UNINITIALIZED_AUTOS = YES_AGGRESSIVE;
				GCC_WARN_UNUSED_FUNCTION = YES;
				GCC_WARN_UNUSED_VARIABLE = YES;
				IPHONEOS_DEPLOYMENT_TARGET = 26.1;
				LOCALIZATION_PREFERS_STRING_CATALOGS = YES;
				MTL_ENABLE_DEBUG_INFO = NO;
				MTL_FAST_MATH = YES;
				SDKROOT = iphoneos;
				STRING_CATALOG_GENERATE_SYMBOLS = YES;
				SWIFT_COMPILATION_MODE = wholemodule;
				VALIDATE_PRODUCT = YES;
			};
			name = Release;
		};
		2311157F2EE4A74E00EDE5A6 /* Debug */ = {
			isa = XCBuildConfiguration;
			buildSettings = {
				ASSETCATALOG_COMPILER_APPICON_NAME = AppIcon;
				ASSETCATALOG_COMPILER_GLOBAL_ACCENT_COLOR_NAME = AccentColor;
				CODE_SIGN_ENTITLEMENTS = Moatheny/Moatheny.entitlements;
				CODE_SIGN_STYLE = Automatic;
				CURRENT_PROJECT_VERSION = 1;
				DEVELOPMENT_TEAM = RF54GDCUBT;
				ENABLE_PREVIEWS = YES;
				GENERATE_INFOPLIST_FILE = YES;
				INFOPLIST_FILE = Moatheny/Info.plist;
				INFOPLIST_KEY_CFBundleIconName = AppIcon;
				INFOPLIST_KEY_LSApplicationCategoryType = "public.app-category.utilities";
				INFOPLIST_KEY_NSLocationWhenInUseUsageDescription = "We need your location to calculate accurate prayer times and Qibla direction";
				INFOPLIST_KEY_NSUserNotificationsUsageDescription = "We need permission to notify you at prayer times and for Azkar reminders";
				INFOPLIST_KEY_UIApplicationSceneManifest_Generation = YES;
				INFOPLIST_KEY_UIApplicationSupportsIndirectInputEvents = YES;
				INFOPLIST_KEY_UIBackgroundModes = audio;
				INFOPLIST_KEY_UILaunchScreen_Generation = YES;
				INFOPLIST_KEY_UISupportedInterfaceOrientations_iPad = "UIInterfaceOrientationPortrait UIInterfaceOrientationPortraitUpsideDown UIInterfaceOrientationLandscapeLeft UIInterfaceOrientationLandscapeRight";
				INFOPLIST_KEY_UISupportedInterfaceOrientations_iPhone = "UIInterfaceOrientationPortrait UIInterfaceOrientationLandscapeLeft UIInterfaceOrientationLandscapeRight";
				LD_RUNPATH_SEARCH_PATHS = (
					"$(inherited)",
					"@executable_path/Frameworks",
				);
				MARKETING_VERSION = 1.7.17;
				PRODUCT_BUNDLE_IDENTIFIER = com.YourMangaApp.Moatheny;
				PRODUCT_NAME = "$(TARGET_NAME)";
				STRING_CATALOG_GENERATE_SYMBOLS = YES;
				SWIFT_APPROACHABLE_CONCURRENCY = YES;
				SWIFT_DEFAULT_ACTOR_ISOLATION = MainActor;
				SWIFT_EMIT_LOC_STRINGS = YES;
				SWIFT_UPCOMING_FEATURE_MEMBER_IMPORT_VISIBILITY = YES;
				SWIFT_VERSION = 5.0;
				TARGETED_DEVICE_FAMILY = "1,2";
			};
			name = Debug;
		};
		231115802EE4A74E00EDE5A6 /* Release */ = {
			isa = XCBuildConfiguration;
			buildSettings = {
				ASSETCATALOG_COMPILER_APPICON_NAME = AppIcon;
				ASSETCATALOG_COMPILER_GLOBAL_ACCENT_COLOR_NAME = AccentColor;
				CODE_SIGN_ENTITLEMENTS = Moatheny/Moatheny.entitlements;
				CODE_SIGN_STYLE = Automatic;
				CURRENT_PROJECT_VERSION = 1;
				DEVELOPMENT_TEAM = RF54GDCUBT;
				ENABLE_PREVIEWS = YES;
				GENERATE_INFOPLIST_FILE = YES;
				INFOPLIST_FILE = Moatheny/Info.plist;
				INFOPLIST_KEY_CFBundleIconName = AppIcon;
				INFOPLIST_KEY_LSApplicationCategoryType = "public.app-category.utilities";
				INFOPLIST_KEY_NSAppTransportSecurity_NSAllowsLocalNetworking = YES;
				INFOPLIST_KEY_NSLocationWhenInUseUsageDescription = "We need your location to calculate accurate prayer times and Qibla direction";
				INFOPLIST_KEY_NSUserNotificationsUsageDescription = "We need permission to notify you at prayer times and for Azkar reminders";
				INFOPLIST_KEY_UIApplicationSceneManifest_Generation = YES;
				INFOPLIST_KEY_UIApplicationSupportsIndirectInputEvents = YES;
				INFOPLIST_KEY_UIBackgroundModes = audio;
				INFOPLIST_KEY_UILaunchScreen_Generation = YES;
				INFOPLIST_KEY_UISupportedInterfaceOrientations_iPad = "UIInterfaceOrientationPortrait UIInterfaceOrientationPortraitUpsideDown UIInterfaceOrientationLandscapeLeft UIInterfaceOrientationLandscapeRight";
				INFOPLIST_KEY_UISupportedInterfaceOrientations_iPhone = "UIInterfaceOrientationPortrait UIInterfaceOrientationLandscapeLeft UIInterfaceOrientationLandscapeRight";
				LD_RUNPATH_SEARCH_PATHS = (
					"$(inherited)",
					"@executable_path/Frameworks",
				);
				MARKETING_VERSION = 1.7.17;
				PRODUCT_BUNDLE_IDENTIFIER = com.YourMangaApp.Moatheny;
				PRODUCT_NAME = "$(TARGET_NAME)";
				STRING_CATALOG_GENERATE_SYMBOLS = YES;
				SWIFT_APPROACHABLE_CONCURRENCY = YES;
				SWIFT_DEFAULT_ACTOR_ISOLATION = MainActor;
				SWIFT_EMIT_LOC_STRINGS = YES;
				SWIFT_UPCOMING_FEATURE_MEMBER_IMPORT_VISIBILITY = YES;
				SWIFT_VERSION = 5.0;
				TARGETED_DEVICE_FAMILY = "1,2";
			};
			name = Release;
		};
		231116FD2EE4B6BB00EDE5A6 /* Debug */ = {
			isa = XCBuildConfiguration;
			buildSettings = {
				ASSETCATALOG_COMPILER_GLOBAL_ACCENT_COLOR_NAME = AccentColor;
				ASSETCATALOG_COMPILER_WIDGET_BACKGROUND_COLOR_NAME = WidgetBackground;
				CODE_SIGN_ENTITLEMENTS = PrayerTimeWidgetExtension.entitlements;
				CODE_SIGN_STYLE = Automatic;
				CURRENT_PROJECT_VERSION = 2;
				DEVELOPMENT_TEAM = RF54GDCUBT;
				GENERATE_INFOPLIST_FILE = YES;
				INFOPLIST_FILE = PrayerTimeWidget/Info.plist;
				INFOPLIST_KEY_CFBundleDisplayName = PrayerTimeWidget;
				INFOPLIST_KEY_NSHumanReadableCopyright = "";
				LD_RUNPATH_SEARCH_PATHS = (
					"$(inherited)",
					"@executable_path/Frameworks",
					"@executable_path/../../Frameworks",
				);
				MARKETING_VERSION = 1.7.17;
				PRODUCT_BUNDLE_IDENTIFIER = com.YourMangaApp.Moatheny.PrayerTimeWidget;
				PRODUCT_NAME = "$(TARGET_NAME)";
				SKIP_INSTALL = YES;
				STRING_CATALOG_GENERATE_SYMBOLS = YES;
				SWIFT_APPROACHABLE_CONCURRENCY = YES;
				SWIFT_EMIT_LOC_STRINGS = YES;
				SWIFT_UPCOMING_FEATURE_MEMBER_IMPORT_VISIBILITY = YES;
				SWIFT_VERSION = 5.0;
				TARGETED_DEVICE_FAMILY = "1,2";
			};
			name = Debug;
		};
		231116FE2EE4B6BB00EDE5A6 /* Release */ = {
			isa = XCBuildConfiguration;
			buildSettings = {
				ASSETCATALOG_COMPILER_GLOBAL_ACCENT_COLOR_NAME = AccentColor;
				ASSETCATALOG_COMPILER_WIDGET_BACKGROUND_COLOR_NAME = WidgetBackground;
				CODE_SIGN_ENTITLEMENTS = PrayerTimeWidgetExtension.entitlements;
				CODE_SIGN_STYLE = Automatic;
				CURRENT_PROJECT_VERSION = 2;
				DEVELOPMENT_TEAM = RF54GDCUBT;
				GENERATE_INFOPLIST_FILE = YES;
				INFOPLIST_FILE = PrayerTimeWidget/Info.plist;
				INFOPLIST_KEY_CFBundleDisplayName = PrayerTimeWidget;
				INFOPLIST_KEY_NSHumanReadableCopyright = "";
				LD_RUNPATH_SEARCH_PATHS = (
					"$(inherited)",
					"@executable_path/Frameworks",
					"@executable_path/../../Frameworks",
				);
				MARKETING_VERSION = 1.7.17;
				PRODUCT_BUNDLE_IDENTIFIER = com.YourMangaApp.Moatheny.PrayerTimeWidget;
				PRODUCT_NAME = "$(TARGET_NAME)";
				SKIP_INSTALL = YES;
				STRING_CATALOG_GENERATE_SYMBOLS = YES;
				SWIFT_APPROACHABLE_CONCURRENCY = YES;
				SWIFT_EMIT_LOC_STRINGS = YES;
				SWIFT_UPCOMING_FEATURE_MEMBER_IMPORT_VISIBILITY = YES;
				SWIFT_VERSION = 5.0;
				TARGETED_DEVICE_FAMILY = "1,2";
			};
			name = Release;
		};
/* End XCBuildConfiguration section */

/* Begin XCConfigurationList section */
		2311156E2EE4A74D00EDE5A6 /* Build configuration list for PBXProject "Moatheny" */ = {
			isa = XCConfigurationList;
			buildConfigurations = (
				2311157C2EE4A74E00EDE5A6 /* Debug */,
				2311157D2EE4A74E00EDE5A6 /* Release */,
			);
			defaultConfigurationIsVisible = 0;
			defaultConfigurationName = Release;
		};
		2311157E2EE4A74E00EDE5A6 /* Build configuration list for PBXNativeTarget "Moatheny" */ = {
			isa = XCConfigurationList;
			buildConfigurations = (
				2311157F2EE4A74E00EDE5A6 /* Debug */,
				231115802EE4A74E00EDE5A6 /* Release */,
			);
			defaultConfigurationIsVisible = 0;
			defaultConfigurationName = Release;
		};
		231116FC2EE4B6BB00EDE5A6 /* Build configuration list for PBXNativeTarget "PrayerTimeWidgetExtension" */ = {
			isa = XCConfigurationList;
			buildConfigurations = (
				231116FD2EE4B6BB00EDE5A6 /* Debug */,
				231116FE2EE4B6BB00EDE5A6 /* Release */,
			);
			defaultConfigurationIsVisible = 0;
			defaultConfigurationName = Release;
		};
/* End XCConfigurationList section */

/* Begin XCRemoteSwiftPackageReference section */
		231115C42EE4A85400EDE5A6 /* XCRemoteSwiftPackageReference "adhan-swift" */ = {
			isa = XCRemoteSwiftPackageReference;
			repositoryURL = "https://github.com/batoulapps/adhan-swift.git";
			requirement = {
				kind = upToNextMajorVersion;
				minimumVersion = 1.4.0;
			};
		};
		231115C52EE4A87000EDE5A6 /* XCRemoteSwiftPackageReference "SwiftSoup" */ = {
			isa = XCRemoteSwiftPackageReference;
			repositoryURL = "https://github.com/scinfu/SwiftSoup.git";
			requirement = {
				kind = upToNextMajorVersion;
				minimumVersion = 2.11.2;
			};
		};
		231115C82EE4A8D700EDE5A6 /* XCRemoteSwiftPackageReference "Kingfisher" */ = {
			isa = XCRemoteSwiftPackageReference;
			repositoryURL = "https://github.com/onevcat/Kingfisher.git";
			requirement = {
				kind = upToNextMajorVersion;
				minimumVersion = 8.6.2;
			};
		};
/* End XCRemoteSwiftPackageReference section */

/* Begin XCSwiftPackageProductDependency section */
		231115C62EE4A87000EDE5A6 /* SwiftSoup */ = {
			isa = XCSwiftPackageProductDependency;
			package = 231115C52EE4A87000EDE5A6 /* XCRemoteSwiftPackageReference "SwiftSoup" */;
			productName = SwiftSoup;
		};
		231115C92EE4A9B400EDE5A6 /* Adhan */ = {
			isa = XCSwiftPackageProductDependency;
			package = 231115C42EE4A85400EDE5A6 /* XCRemoteSwiftPackageReference "adhan-swift" */;
			productName = Adhan;
		};
		238604AF2EFA3C0000CB7C36 /* Adhan */ = {
			isa = XCSwiftPackageProductDependency;
			package = 231115C42EE4A85400EDE5A6 /* XCRemoteSwiftPackageReference "adhan-swift" */;
			productName = Adhan;
		};
/* End XCSwiftPackageProductDependency section */
	};
	rootObject = 2311156B2EE4A74D00EDE5A6 /* Project object */;
}
